Microsoft Visual Studio Solution File, Format Version 12.00
# Visual Studio 2012
Project("{FAE04EC0-301F-11D3-BF4B-00C04F79EFBC}") = "Wayblazer", "Wayblazer.csproj", "{A3E0B8BD-A52C-4B33-8D6A-97612CF78EAB}"
EndProject
Global
	GlobalSection(SolutionConfigurationPlatforms) = preSolution
	Debug|Any CPU = Debug|Any CPU
	ExportDebug|Any CPU = ExportDebug|Any CPU
	ExportRelease|Any CPU = ExportRelease|Any CPU
	EndGlobalSection
	GlobalSection(ProjectConfigurationPlatforms) = postSolution
		{A3E0B8BD-A52C-4B33-8D6A-97612CF78EAB}.Debug|Any CPU.ActiveCfg = Debug|Any CPU
		{A3E0B8BD-A52C-4B33-8D6A-97612CF78EAB}.Debug|Any CPU.Build.0 = Debug|Any CPU
		{A3E0B8BD-A52C-4B33-8D6A-97612CF78EAB}.ExportDebug|Any CPU.ActiveCfg = ExportDebug|Any CPU
		{A3E0B8BD-A52C-4B33-8D6A-97612CF78EAB}.ExportDebug|Any CPU.Build.0 = ExportDebug|Any CPU
		{A3E0B8BD-A52C-4B33-8D6A-97612CF78EAB}.ExportRelease|Any CPU.ActiveCfg = ExportRelease|Any CPU
		{A3E0B8BD-A52C-4B33-8D6A-97612CF78EAB}.ExportRelease|Any CPU.Build.0 = ExportRelease|Any CPU
	EndGlobalSection
EndGlobal
